// !$*UTF8*$!
{
	archiveVersion = 1;
	classes = {
	};
	objectVersion = 46;
	objects = {

/* Begin PBXBuildFile section */
		83DBD53717C79FBA00BACA8E /* UIKit.framework in Frameworks */ = {isa = PBXBuildFile; fileRef = 83DBD53617C79FBA00BACA8E /* UIKit.framework */; };
		83DBD53917C79FBA00BACA8E /* Foundation.framework in Frameworks */ = {isa = PBXBuildFile; fileRef = 83DBD53817C79FBA00BACA8E /* Foundation.framework */; };
		83DBD53B17C79FBA00BACA8E /* CoreGraphics.framework in Frameworks */ = {isa = PBXBuildFile; fileRef = 83DBD53A17C79FBA00BACA8E /* CoreGraphics.framework */; };
		83DBD54117C79FBA00BACA8E /* InfoPlist.strings in Resources */ = {isa = PBXBuildFile; fileRef = 83DBD53F17C79FBA00BACA8E /* InfoPlist.strings */; };
		83DBD54317C79FBA00BACA8E /* main.m in Sources */ = {isa = PBXBuildFile; fileRef = 83DBD54217C79FBA00BACA8E /* main.m */; };
		83DBD54717C79FBA00BACA8E /* AppDelegate.m in Sources */ = {isa = PBXBuildFile; fileRef = 83DBD54617C79FBA00BACA8E /* AppDelegate.m */; };
		83DBD54917C79FBA00BACA8E /* Default.png in Resources */ = {isa = PBXBuildFile; fileRef = 83DBD54817C79FBA00BACA8E /* Default.png */; };
		83DBD54B17C79FBA00BACA8E /* Default@2x.png in Resources */ = {isa = PBXBuildFile; fileRef = 83DBD54A17C79FBA00BACA8E /* Default@2x.png */; };
		83DBD54D17C79FBA00BACA8E /* Default-568h@2x.png in Resources */ = {isa = PBXBuildFile; fileRef = 83DBD54C17C79FBA00BACA8E /* Default-568h@2x.png */; };
		83DBD55017C79FBA00BACA8E /* MainStoryboard.storyboard in Resources */ = {isa = PBXBuildFile; fileRef = 83DBD54E17C79FBA00BACA8E /* MainStoryboard.storyboard */; };
		83DBD55317C79FBA00BACA8E /* ViewController.m in Sources */ = {isa = PBXBuildFile; fileRef = 83DBD55217C79FBA00BACA8E /* ViewController.m */; };
/* End PBXBuildFile section */

/* Begin PBXFileReference section */
		83DBD53317C79FBA00BACA8E /* textField.app */ = {isa = PBXFileReference; explicitFileType = wrapper.application; includeInIndex = 0; path = textField.app; sourceTree = BUILT_PRODUCTS_DIR; };
		83DBD53617C79FBA00BACA8E /* UIKit.framework */ = {isa = PBXFileReference; lastKnownFileType = wrapper.framework; name = UIKit.framework; path = System/Library/Frameworks/UIKit.framework; sourceTree = SDKROOT; };
		83DBD53817C79FBA00BACA8E /* Foundation.framework */ = {isa = PBXFileReference; lastKnownFileType = wrapper.framework; name = Foundation.framework; path = System/Library/Frameworks/Foundation.framework; sourceTree = SDKROOT; };
		83DBD53A17C79FBA00BACA8E /* CoreGraphics.framework */ = {isa = PBXFileReference; lastKnownFileType = wrapper.framework; name = CoreGraphics.framework; path = System/Library/Frameworks/CoreGraphics.framework; sourceTree = SDKROOT; };
		83DBD53E17C79FBA00BACA8E /* textField-Info.plist */ = {isa = PBXFileReference; lastKnownFileType = text.plist.xml; path = "textField-Info.plist"; sourceTree = "<group>"; };
		83DBD54017C79FBA00BACA8E /* en */ = {isa = PBXFileReference; lastKnownFileType = text.plist.strings; name = en; path = en.lproj/InfoPlist.strings; sourceTree = "<group>"; };
		83DBD54217C79FBA00BACA8E /* main.m */ = {isa = PBXFileReference; lastKnownFileType = sourcecode.c.objc; path = main.m; sourceTree = "<group>"; };
		83DBD54417C79FBA00BACA8E /* textField-Prefix.pch */ = {isa = PBXFileReference; lastKnownFileType = sourcecode.c.h; path = "textField-Prefix.pch"; sourceTree = "<group>"; };
		83DBD54517C79FBA00BACA8E /* AppDelegate.h */ = {isa = PBXFileReference; lastKnownFileType = sourcecode.c.h; path = AppDelegate.h; sourceTree = "<group>"; };
		83DBD54617C79FBA00BACA8E /* AppDelegate.m */ = {isa = PBXFileReference; lastKnownFileType = sourcecode.c.objc; path = AppDelegate.m; sourceTree = "<group>"; };
		83DBD54817C79FBA00BACA8E /* Default.png */ = {isa = PBXFileReference; lastKnownFileType = image.png; path = Default.png; sourceTree = "<group>"; };
		83DBD54A17C79FBA00BACA8E /* Default@2x.png */ = {isa = PBXFileReference; lastKnownFileType = image.png; path = "Default@2x.png"; sourceTree = "<group>"; };
		83DBD54C17C79FBA00BACA8E /* Default-568h@2x.png */ = {isa = PBXFileReference; lastKnownFileType = image.png; path = "Default-568h@2x.png"; sourceTree = "<group>"; };
		83DBD54F17C79FBA00BACA8E /* en */ = {isa = PBXFileReference; lastKnownFileType = file.storyboard; name = en; path = en.lproj/MainStoryboard.storyboard; sourceTree = "<group>"; };
		83DBD55117C79FBA00BACA8E /* ViewController.h */ = {isa = PBXFileReference; lastKnownFileType = sourcecode.c.h; path = ViewController.h; sourceTree = "<group>"; };
		83DBD55217C79FBA00BACA8E /* ViewController.m */ = {isa = PBXFileReference; lastKnownFileType = sourcecode.c.objc; path = ViewController.m; sourceTree = "<group>"; };
/* End PBXFileReference section */

/* Begin PBXFrameworksBuildPhase section */
		83DBD53017C79FBA00BACA8E /* Frameworks */ = {
			isa = PBXFrameworksBuildPhase;
			buildActionMask = 2147483647;
			files = (
				83DBD53717C79FBA00BACA8E /* UIKit.framework in Frameworks */,
				83DBD53917C79FBA00BACA8E /* Foundation.framework in Frameworks */,
				83DBD53B17C79FBA00BACA8E /* CoreGraphics.framework in Frameworks */,
			);
			runOnlyForDeploymentPostprocessing = 0;
		};
/* End PBXFrameworksBuildPhase section */

/* Begin PBXGroup section */
		83DBD52A17C79FBA00BACA8E = {
			isa = PBXGroup;
			children = (
				83DBD53C17C79FBA00BACA8E /* textField */,
				83DBD53517C79FBA00BACA8E /* Frameworks */,
				83DBD53417C79FBA00BACA8E /* Products */,
			);
			sourceTree = "<group>";
		};
		83DBD53417C79FBA00BACA8E /* Products */ = {
			isa = PBXGroup;
			children = (
				83DBD53317C79FBA00BACA8E /* textField.app */,
			);
			name = Products;
			sourceTree = "<group>";
		};
		83DBD53517C79FBA00BACA8E /* Frameworks */ = {
			isa = PBXGroup;
			children = (
				83DBD53617C79FBA00BACA8E /* UIKit.framework */,
				83DBD53817C79FBA00BACA8E /* Foundation.framework */,
				83DBD53A17C79FBA00BACA8E /* CoreGraphics.framework */,
			);
			name = Frameworks;
			sourceTree = "<group>";
		};
		83DBD53C17C79FBA00BACA8E /* textField */ = {
			isa = PBXGroup;
			children = (
				83DBD54517C79FBA00BACA8E /* AppDelegate.h */,
				83DBD54617C79FBA00BACA8E /* AppDelegate.m */,
				83DBD54E17C79FBA00BACA8E /* MainStoryboard.storyboard */,
				83DBD55117C79FBA00BACA8E /* ViewController.h */,
				83DBD55217C79FBA00BACA8E /* ViewController.m */,
				83DBD53D17C79FBA00BACA8E /* Supporting Files */,
			);
			path = textField;
			sourceTree = "<group>";
		};
		83DBD53D17C79FBA00BACA8E /* Supporting Files */ = {
			isa = PBXGroup;
			children = (
				83DBD53E17C79FBA00BACA8E /* textField-Info.plist */,
				83DBD53F17C79FBA00BACA8E /* InfoPlist.strings */,
				83DBD54217C79FBA00BACA8E /* main.m */,
				83DBD54417C79FBA00BACA8E /* textField-Prefix.pch */,
				83DBD54817C79FBA00BACA8E /* Default.png */,
				83DBD54A17C79FBA00BACA8E /* Default@2x.png */,
				83DBD54C17C79FBA00BACA8E /* Default-568h@2x.png */,
			);
			name = "Supporting Files";
			sourceTree = "<group>";
		};
/* End PBXGroup section */

/* Begin PBXNativeTarget section */
		83DBD53217C79FBA00BACA8E /* textField */ = {
			isa = PBXNativeTarget;
			buildConfigurationList = 83DBD55617C79FBA00BACA8E /* Build configuration list for PBXNativeTarget "textField" */;
			buildPhases = (
				83DBD52F17C79FBA00BACA8E /* Sources */,
				83DBD53017C79FBA00BACA8E /* Frameworks */,
				83DBD53117C79FBA00BACA8E /* Resources */,
			);
			buildRules = (
			);
			dependencies = (
			);
			name = textField;
			productName = textField;
			productReference = 83DBD53317C79FBA00BACA8E /* textField.app */;
			productType = "com.apple.product-type.application";
		};
/* End PBXNativeTarget section */

/* Begin PBXProject section */
		83DBD52B17C79FBA00BACA8E /* Project object */ = {
			isa = PBXProject;
			attributes = {
				LastUpgradeCheck = 0460;
				ORGANIZATIONNAME = Administrador;
			};
			buildConfigurationList = 83DBD52E17C79FBA00BACA8E /* Build configuration list for PBXProject "textField" */;
			compatibilityVersion = "Xcode 3.2";
			developmentRegion = English;
			hasScannedForEncodings = 0;
			knownRegions = (
				en,
			);
			mainGroup = 83DBD52A17C79FBA00BACA8E;
			productRefGroup = 83DBD53417C79FBA00BACA8E /* Products */;
			projectDirPath = "";
			projectRoot = "";
			targets = (
				83DBD53217C79FBA00BACA8E /* textField */,
			);
		};
/* End PBXProject section */

/* Begin PBXResourcesBuildPhase section */
		83DBD53117C79FBA00BACA8E /* Resources */ = {
			isa = PBXResourcesBuildPhase;
			buildActionMask = 2147483647;
			files = (
				83DBD54117C79FBA00BACA8E /* InfoPlist.strings in Resources */,
				83DBD54917C79FBA00BACA8E /* Default.png in Resources */,
				83DBD54B17C79FBA00BACA8E /* Default@2x.png in Resources */,
				83DBD54D17C79FBA00BACA8E /* Default-568h@2x.png in Resources */,
				83DBD55017C79FBA00BACA8E /* MainStoryboard.storyboard in Resources */,
			);
			runOnlyForDeploymentPostprocessing = 0;
		};
/* End PBXResourcesBuildPhase section */

/* Begin PBXSourcesBuildPhase section */
		83DBD52F17C79FBA00BACA8E /* Sources */ = {
			isa = PBXSourcesBuildPhase;
			buildActionMask = 2147483647;
			files = (
				83DBD54317C79FBA00BACA8E /* main.m in Sources */,
				83DBD54717C79FBA00BACA8E /* AppDelegate.m in Sources */,
				83DBD55317C79FBA00BACA8E /* ViewController.m in Sources */,
			);
			runOnlyForDeploymentPostprocessing = 0;
		};
/* End PBXSourcesBuildPhase section */

/* Begin PBXVariantGroup section */
		83DBD53F17C79FBA00BACA8E /* InfoPlist.strings */ = {
			isa = PBXVariantGroup;
			children = (
				83DBD54017C79FBA00BACA8E /* en */,
			);
			name = InfoPlist.strings;
			sourceTree = "<group>";
		};
		83DBD54E17C79FBA00BACA8E /* MainStoryboard.storyboard */ = {
			isa = PBXVariantGroup;
			children = (
				83DBD54F17C79FBA00BACA8E /* en */,
			);
			name = MainStoryboard.storyboard;
			sourceTree = "<group>";
		};
/* End PBXVariantGroup section */

/* Begin XCBuildConfiguration section */
		83DBD55417C79FBA00BACA8E /* Debug */ = {
			isa = XCBuildConfiguration;
			buildSettings = {
				ALWAYS_SEARCH_USER_PATHS = NO;
				CLANG_CXX_LANGUAGE_STANDARD = "gnu++0x";
				CLANG_CXX_LIBRARY = "libc++";
				CLANG_ENABLE_OBJC_ARC = YES;
				CLANG_WARN_CONSTANT_CONVERSION = YES;
				CLANG_WARN_EMPTY_BODY = YES;
				CLANG_WARN_ENUM_CONVERSION = YES;
				CLANG_WARN_INT_CONVERSION = YES;
				CLANG_WARN__DUPLICATE_METHOD_MATCH = YES;
				"CODE_SIGN_IDENTITY[sdk=iphoneos*]" = "iPhone Developer";
				COPY_PHASE_STRIP = NO;
				GCC_C_LANGUAGE_STANDARD = gnu99;
				GCC_DYNAMIC_NO_PIC = NO;
				GCC_OPTIMIZATION_LEVEL = 0;
				GCC_PREPROCESSOR_DEFINITIONS = (
					"DEBUG=1",
					"$(inherited)",
				);
				GCC_SYMBOLS_PRIVATE_EXTERN = NO;
				GCC_WARN_ABOUT_RETURN_TYPE = YES;
				GCC_WARN_UNINITIALIZED_AUTOS = YES;
				GCC_WARN_UNUSED_VARIABLE = YES;
				IPHONEOS_DEPLOYMENT_TARGET = 6.1;
				ONLY_ACTIVE_ARCH = YES;
				SDKROOT = iphoneos;
			};
			name = Debug;
		};
		83DBD55517C79FBA00BACA8E /* Release */ = {
			isa = XCBuildConfiguration;
			buildSettings = {
				ALWAYS_SEARCH_USER_PATHS = NO;
				CLANG_CXX_LANGUAGE_STANDARD = "gnu++0x";
				CLANG_CXX_LIBRARY = "libc++";
				CLANG_ENABLE_OBJC_ARC = YES;
				CLANG_WARN_CONSTANT_CONVERSION = YES;
				CLANG_WARN_EMPTY_BODY = YES;
				CLANG_WARN_ENUM_CONVERSION = YES;
				CLANG_WARN_INT_CONVERSION = YES;
				CLANG_WARN__DUPLICATE_METHOD_MATCH = YES;
				"CODE_SIGN_IDENTITY[sdk=iphoneos*]" = "iPhone Developer";
				COPY_PHASE_STRIP = YES;
				GCC_C_LANGUAGE_STANDARD = gnu99;
				GCC_WARN_ABOUT_RETURN_TYPE = YES;
				GCC_WARN_UNINITIALIZED_AUTOS = YES;
				GCC_WARN_UNUSED_VARIABLE = YES;
				IPHONEOS_DEPLOYMENT_TARGET = 6.1;
				OTHER_CFLAGS = "-DNS_BLOCK_ASSERTIONS=1";
				SDKROOT = iphoneos;
				VALIDATE_PRODUCT = YES;
			};
			name = Release;
		};
		83DBD55717C79FBA00BACA8E /* Debug */ = {
			isa = XCBuildConfiguration;
			buildSettings = {
				GCC_PRECOMPILE_PREFIX_HEADER = YES;
				GCC_PREFIX_HEADER = "textField/textField-Prefix.pch";
				INFOPLIST_FILE = "textField/textField-Info.plist";
				PRODUCT_NAME = "$(TARGET_NAME)";
				WRAPPER_EXTENSION = app;
			};
			name = Debug;
		};
		83DBD55817C79FBA00BACA8E /* Release */ = {
			isa = XCBuildConfiguration;
			buildSettings = {
				GCC_PRECOMPILE_PREFIX_HEADER = YES;
				GCC_PREFIX_HEADER = "textField/textField-Prefix.pch";
				INFOPLIST_FILE = "textField/textField-Info.plist";
				PRODUCT_NAME = "$(TARGET_NAME)";
				WRAPPER_EXTENSION = app;
			};
			name = Release;
		};
/* End XCBuildConfiguration section */

/* Begin XCConfigurationList section */
		83DBD52E17C79FBA00BACA8E /* Build configuration list for PBXProject "textField" */ = {
			isa = XCConfigurationList;
			buildConfigurations = (
				83DBD55417C79FBA00BACA8E /* Debug */,
				83DBD55517C79FBA00BACA8E /* Release */,
			);
			defaultConfigurationIsVisible = 0;
			defaultConfigurationName = Release;
		};
		83DBD55617C79FBA00BACA8E /* Build configuration list for PBXNativeTarget "textField" */ = {
			isa = XCConfigurationList;
			buildConfigurations = (
				83DBD55717C79FBA00BACA8E /* Debug */,
				83DBD55817C79FBA00BACA8E /* Release */,
			);
			defaultConfigurationIsVisible = 0;
		};
/* End XCConfigurationList section */
	};
	rootObject = 83DBD52B17C79FBA00BACA8E /* Project object */;
}
