// !$*UTF8*$!
{
	archiveVersion = 1;
	classes = {
	};
	objectVersion = 46;
	objects = {

/* Begin PBXBuildFile section */
		839AEB0F17FB0E58007436DD /* EditEmployeeViewController.m in Sources */ = {isa = PBXBuildFile; fileRef = 839AEB0E17FB0E58007436DD /* EditEmployeeViewController.m */; };
		839AEB1217FB0EDA007436DD /* EmployeesViewController.m in Sources */ = {isa = PBXBuildFile; fileRef = 839AEB1117FB0EDA007436DD /* EmployeesViewController.m */; };
		83DEA91A17F5C82F003CB1EB /* UIKit.framework in Frameworks */ = {isa = PBXBuildFile; fileRef = 83DEA91917F5C82F003CB1EB /* UIKit.framework */; };
		83DEA91C17F5C82F003CB1EB /* Foundation.framework in Frameworks */ = {isa = PBXBuildFile; fileRef = 83DEA91B17F5C82F003CB1EB /* Foundation.framework */; };
		83DEA91E17F5C82F003CB1EB /* CoreGraphics.framework in Frameworks */ = {isa = PBXBuildFile; fileRef = 83DEA91D17F5C82F003CB1EB /* CoreGraphics.framework */; };
		83DEA92017F5C82F003CB1EB /* CoreData.framework in Frameworks */ = {isa = PBXBuildFile; fileRef = 83DEA91F17F5C82F003CB1EB /* CoreData.framework */; };
		83DEA92617F5C82F003CB1EB /* InfoPlist.strings in Resources */ = {isa = PBXBuildFile; fileRef = 83DEA92417F5C82F003CB1EB /* InfoPlist.strings */; };
		83DEA92817F5C82F003CB1EB /* main.m in Sources */ = {isa = PBXBuildFile; fileRef = 83DEA92717F5C82F003CB1EB /* main.m */; };
		83DEA92C17F5C82F003CB1EB /* AppDelegate.m in Sources */ = {isa = PBXBuildFile; fileRef = 83DEA92B17F5C82F003CB1EB /* AppDelegate.m */; };
		83DEA92E17F5C82F003CB1EB /* Default.png in Resources */ = {isa = PBXBuildFile; fileRef = 83DEA92D17F5C82F003CB1EB /* Default.png */; };
		83DEA93017F5C82F003CB1EB /* Default@2x.png in Resources */ = {isa = PBXBuildFile; fileRef = 83DEA92F17F5C82F003CB1EB /* Default@2x.png */; };
		83DEA93217F5C82F003CB1EB /* Default-568h@2x.png in Resources */ = {isa = PBXBuildFile; fileRef = 83DEA93117F5C82F003CB1EB /* Default-568h@2x.png */; };
		83DEA93517F5C82F003CB1EB /* MainStoryboard.storyboard in Resources */ = {isa = PBXBuildFile; fileRef = 83DEA93317F5C82F003CB1EB /* MainStoryboard.storyboard */; };
		83DEA93817F5C82F003CB1EB /* Employee.xcdatamodeld in Sources */ = {isa = PBXBuildFile; fileRef = 83DEA93617F5C82F003CB1EB /* Employee.xcdatamodeld */; };
		83DEA93B17F5C82F003CB1EB /* MasterViewController.m in Sources */ = {isa = PBXBuildFile; fileRef = 83DEA93A17F5C82F003CB1EB /* MasterViewController.m */; };
		83DEA93E17F5C82F003CB1EB /* DetailViewController.m in Sources */ = {isa = PBXBuildFile; fileRef = 83DEA93D17F5C82F003CB1EB /* DetailViewController.m */; };
		83DEA95317F5D01C003CB1EB /* Project.m in Sources */ = {isa = PBXBuildFile; fileRef = 83DEA95217F5D01C003CB1EB /* Project.m */; };
		83DEA95617F5D01C003CB1EB /* Department.m in Sources */ = {isa = PBXBuildFile; fileRef = 83DEA95517F5D01C003CB1EB /* Department.m */; };
		83DEA95917F5D074003CB1EB /* Employee.m in Sources */ = {isa = PBXBuildFile; fileRef = 83DEA95817F5D074003CB1EB /* Employee.m */; };
/* End PBXBuildFile section */

/* Begin PBXFileReference section */
		839AEB0D17FB0E58007436DD /* EditEmployeeViewController.h */ = {isa = PBXFileReference; fileEncoding = 4; lastKnownFileType = sourcecode.c.h; path = EditEmployeeViewController.h; sourceTree = "<group>"; };
		839AEB0E17FB0E58007436DD /* EditEmployeeViewController.m */ = {isa = PBXFileReference; fileEncoding = 4; lastKnownFileType = sourcecode.c.objc; path = EditEmployeeViewController.m; sourceTree = "<group>"; };
		839AEB1017FB0EDA007436DD /* EmployeesViewController.h */ = {isa = PBXFileReference; fileEncoding = 4; lastKnownFileType = sourcecode.c.h; path = EmployeesViewController.h; sourceTree = "<group>"; };
		839AEB1117FB0EDA007436DD /* EmployeesViewController.m */ = {isa = PBXFileReference; fileEncoding = 4; lastKnownFileType = sourcecode.c.objc; path = EmployeesViewController.m; sourceTree = "<group>"; };
		83DEA91617F5C82F003CB1EB /* Employee.app */ = {isa = PBXFileReference; explicitFileType = wrapper.application; includeInIndex = 0; path = Employee.app; sourceTree = BUILT_PRODUCTS_DIR; };
		83DEA91917F5C82F003CB1EB /* UIKit.framework */ = {isa = PBXFileReference; lastKnownFileType = wrapper.framework; name = UIKit.framework; path = System/Library/Frameworks/UIKit.framework; sourceTree = SDKROOT; };
		83DEA91B17F5C82F003CB1EB /* Foundation.framework */ = {isa = PBXFileReference; lastKnownFileType = wrapper.framework; name = Foundation.framework; path = System/Library/Frameworks/Foundation.framework; sourceTree = SDKROOT; };
		83DEA91D17F5C82F003CB1EB /* CoreGraphics.framework */ = {isa = PBXFileReference; lastKnownFileType = wrapper.framework; name = CoreGraphics.framework; path = System/Library/Frameworks/CoreGraphics.framework; sourceTree = SDKROOT; };
		83DEA91F17F5C82F003CB1EB /* CoreData.framework */ = {isa = PBXFileReference; lastKnownFileType = wrapper.framework; name = CoreData.framework; path = System/Library/Frameworks/CoreData.framework; sourceTree = SDKROOT; };
		83DEA92317F5C82F003CB1EB /* Employee-Info.plist */ = {isa = PBXFileReference; lastKnownFileType = text.plist.xml; path = "Employee-Info.plist"; sourceTree = "<group>"; };
		83DEA92517F5C82F003CB1EB /* en */ = {isa = PBXFileReference; lastKnownFileType = text.plist.strings; name = en; path = en.lproj/InfoPlist.strings; sourceTree = "<group>"; };
		83DEA92717F5C82F003CB1EB /* main.m */ = {isa = PBXFileReference; lastKnownFileType = sourcecode.c.objc; path = main.m; sourceTree = "<group>"; };
		83DEA92917F5C82F003CB1EB /* Employee-Prefix.pch */ = {isa = PBXFileReference; lastKnownFileType = sourcecode.c.h; path = "Employee-Prefix.pch"; sourceTree = "<group>"; };
		83DEA92A17F5C82F003CB1EB /* AppDelegate.h */ = {isa = PBXFileReference; lastKnownFileType = sourcecode.c.h; path = AppDelegate.h; sourceTree = "<group>"; };
		83DEA92B17F5C82F003CB1EB /* AppDelegate.m */ = {isa = PBXFileReference; lastKnownFileType = sourcecode.c.objc; path = AppDelegate.m; sourceTree = "<group>"; };
		83DEA92D17F5C82F003CB1EB /* Default.png */ = {isa = PBXFileReference; lastKnownFileType = image.png; path = Default.png; sourceTree = "<group>"; };
		83DEA92F17F5C82F003CB1EB /* Default@2x.png */ = {isa = PBXFileReference; lastKnownFileType = image.png; path = "Default@2x.png"; sourceTree = "<group>"; };
		83DEA93117F5C82F003CB1EB /* Default-568h@2x.png */ = {isa = PBXFileReference; lastKnownFileType = image.png; path = "Default-568h@2x.png"; sourceTree = "<group>"; };
		83DEA93417F5C82F003CB1EB /* en */ = {isa = PBXFileReference; lastKnownFileType = file.storyboard; name = en; path = en.lproj/MainStoryboard.storyboard; sourceTree = "<group>"; };
		83DEA93717F5C82F003CB1EB /* Employee.xcdatamodel */ = {isa = PBXFileReference; lastKnownFileType = wrapper.xcdatamodel; path = Employee.xcdatamodel; sourceTree = "<group>"; };
		83DEA93917F5C82F003CB1EB /* MasterViewController.h */ = {isa = PBXFileReference; lastKnownFileType = sourcecode.c.h; path = MasterViewController.h; sourceTree = "<group>"; };
		83DEA93A17F5C82F003CB1EB /* MasterViewController.m */ = {isa = PBXFileReference; lastKnownFileType = sourcecode.c.objc; path = MasterViewController.m; sourceTree = "<group>"; };
		83DEA93C17F5C82F003CB1EB /* DetailViewController.h */ = {isa = PBXFileReference; lastKnownFileType = sourcecode.c.h; path = DetailViewController.h; sourceTree = "<group>"; };
		83DEA93D17F5C82F003CB1EB /* DetailViewController.m */ = {isa = PBXFileReference; lastKnownFileType = sourcecode.c.objc; path = DetailViewController.m; sourceTree = "<group>"; };
		83DEA95117F5D01C003CB1EB /* Project.h */ = {isa = PBXFileReference; fileEncoding = 4; lastKnownFileType = sourcecode.c.h; name = Project.h; path = Employee/Project.h; sourceTree = "<group>"; };
		83DEA95217F5D01C003CB1EB /* Project.m */ = {isa = PBXFileReference; fileEncoding = 4; lastKnownFileType = sourcecode.c.objc; name = Project.m; path = Employee/Project.m; sourceTree = "<group>"; };
		83DEA95417F5D01C003CB1EB /* Department.h */ = {isa = PBXFileReference; fileEncoding = 4; lastKnownFileType = sourcecode.c.h; name = Department.h; path = Employee/Department.h; sourceTree = "<group>"; };
		83DEA95517F5D01C003CB1EB /* Department.m */ = {isa = PBXFileReference; fileEncoding = 4; lastKnownFileType = sourcecode.c.objc; name = Department.m; path = Employee/Department.m; sourceTree = "<group>"; };
		83DEA95717F5D074003CB1EB /* Employee.h */ = {isa = PBXFileReference; fileEncoding = 4; lastKnownFileType = sourcecode.c.h; name = Employee.h; path = Employee/Employee.h; sourceTree = "<group>"; };
		83DEA95817F5D074003CB1EB /* Employee.m */ = {isa = PBXFileReference; fileEncoding = 4; lastKnownFileType = sourcecode.c.objc; name = Employee.m; path = Employee/Employee.m; sourceTree = "<group>"; };
/* End PBXFileReference section */

/* Begin PBXFrameworksBuildPhase section */
		83DEA91317F5C82F003CB1EB /* Frameworks */ = {
			isa = PBXFrameworksBuildPhase;
			buildActionMask = 2147483647;
			files = (
				83DEA91A17F5C82F003CB1EB /* UIKit.framework in Frameworks */,
				83DEA91C17F5C82F003CB1EB /* Foundation.framework in Frameworks */,
				83DEA91E17F5C82F003CB1EB /* CoreGraphics.framework in Frameworks */,
				83DEA92017F5C82F003CB1EB /* CoreData.framework in Frameworks */,
			);
			runOnlyForDeploymentPostprocessing = 0;
		};
/* End PBXFrameworksBuildPhase section */

/* Begin PBXGroup section */
		83DEA90D17F5C82E003CB1EB = {
			isa = PBXGroup;
			children = (
				83DEA92117F5C82F003CB1EB /* Employee */,
				83DEA91817F5C82F003CB1EB /* Frameworks */,
				83DEA91717F5C82F003CB1EB /* Products */,
			);
			sourceTree = "<group>";
		};
		83DEA91717F5C82F003CB1EB /* Products */ = {
			isa = PBXGroup;
			children = (
				83DEA91617F5C82F003CB1EB /* Employee.app */,
			);
			name = Products;
			sourceTree = "<group>";
		};
		83DEA91817F5C82F003CB1EB /* Frameworks */ = {
			isa = PBXGroup;
			children = (
				83DEA91917F5C82F003CB1EB /* UIKit.framework */,
				83DEA91B17F5C82F003CB1EB /* Foundation.framework */,
				83DEA91D17F5C82F003CB1EB /* CoreGraphics.framework */,
				83DEA91F17F5C82F003CB1EB /* CoreData.framework */,
			);
			name = Frameworks;
			sourceTree = "<group>";
		};
		83DEA92117F5C82F003CB1EB /* Employee */ = {
			isa = PBXGroup;
			children = (
				83DEA94D17F5CF7B003CB1EB /* CoreData */,
				83DEA92A17F5C82F003CB1EB /* AppDelegate.h */,
				83DEA92B17F5C82F003CB1EB /* AppDelegate.m */,
				83DEA93317F5C82F003CB1EB /* MainStoryboard.storyboard */,
				839AEB1017FB0EDA007436DD /* EmployeesViewController.h */,
				839AEB1117FB0EDA007436DD /* EmployeesViewController.m */,
				839AEB0D17FB0E58007436DD /* EditEmployeeViewController.h */,
				839AEB0E17FB0E58007436DD /* EditEmployeeViewController.m */,
				83DEA93917F5C82F003CB1EB /* MasterViewController.h */,
				83DEA93A17F5C82F003CB1EB /* MasterViewController.m */,
				83DEA93C17F5C82F003CB1EB /* DetailViewController.h */,
				83DEA93D17F5C82F003CB1EB /* DetailViewController.m */,
				83DEA93617F5C82F003CB1EB /* Employee.xcdatamodeld */,
				83DEA92217F5C82F003CB1EB /* Supporting Files */,
			);
			path = Employee;
			sourceTree = "<group>";
		};
		83DEA92217F5C82F003CB1EB /* Supporting Files */ = {
			isa = PBXGroup;
			children = (
				83DEA92317F5C82F003CB1EB /* Employee-Info.plist */,
				83DEA92417F5C82F003CB1EB /* InfoPlist.strings */,
				83DEA92717F5C82F003CB1EB /* main.m */,
				83DEA92917F5C82F003CB1EB /* Employee-Prefix.pch */,
				83DEA92D17F5C82F003CB1EB /* Default.png */,
				83DEA92F17F5C82F003CB1EB /* Default@2x.png */,
				83DEA93117F5C82F003CB1EB /* Default-568h@2x.png */,
			);
			name = "Supporting Files";
			sourceTree = "<group>";
		};
		83DEA94D17F5CF7B003CB1EB /* CoreData */ = {
			isa = PBXGroup;
			children = (
				83DEA95717F5D074003CB1EB /* Employee.h */,
				83DEA95817F5D074003CB1EB /* Employee.m */,
				83DEA95417F5D01C003CB1EB /* Department.h */,
				83DEA95517F5D01C003CB1EB /* Department.m */,
				83DEA95117F5D01C003CB1EB /* Project.h */,
				83DEA95217F5D01C003CB1EB /* Project.m */,
			);
			name = CoreData;
			path = ..;
			sourceTree = "<group>";
		};
/* End PBXGroup section */

/* Begin PBXNativeTarget section */
		83DEA91517F5C82F003CB1EB /* Employee */ = {
			isa = PBXNativeTarget;
			buildConfigurationList = 83DEA94117F5C82F003CB1EB /* Build configuration list for PBXNativeTarget "Employee" */;
			buildPhases = (
				83DEA91217F5C82F003CB1EB /* Sources */,
				83DEA91317F5C82F003CB1EB /* Frameworks */,
				83DEA91417F5C82F003CB1EB /* Resources */,
			);
			buildRules = (
			);
			dependencies = (
			);
			name = Employee;
			productName = Employee;
			productReference = 83DEA91617F5C82F003CB1EB /* Employee.app */;
			productType = "com.apple.product-type.application";
		};
/* End PBXNativeTarget section */

/* Begin PBXProject section */
		83DEA90E17F5C82E003CB1EB /* Project object */ = {
			isa = PBXProject;
			attributes = {
				LastUpgradeCheck = 0460;
				ORGANIZATIONNAME = orsurove;
			};
			buildConfigurationList = 83DEA91117F5C82E003CB1EB /* Build configuration list for PBXProject "Employee" */;
			compatibilityVersion = "Xcode 3.2";
			developmentRegion = English;
			hasScannedForEncodings = 0;
			knownRegions = (
				en,
			);
			mainGroup = 83DEA90D17F5C82E003CB1EB;
			productRefGroup = 83DEA91717F5C82F003CB1EB /* Products */;
			projectDirPath = "";
			projectRoot = "";
			targets = (
				83DEA91517F5C82F003CB1EB /* Employee */,
			);
		};
/* End PBXProject section */

/* Begin PBXResourcesBuildPhase section */
		83DEA91417F5C82F003CB1EB /* Resources */ = {
			isa = PBXResourcesBuildPhase;
			buildActionMask = 2147483647;
			files = (
				83DEA92617F5C82F003CB1EB /* InfoPlist.strings in Resources */,
				83DEA92E17F5C82F003CB1EB /* Default.png in Resources */,
				83DEA93017F5C82F003CB1EB /* Default@2x.png in Resources */,
				83DEA93217F5C82F003CB1EB /* Default-568h@2x.png in Resources */,
				83DEA93517F5C82F003CB1EB /* MainStoryboard.storyboard in Resources */,
			);
			runOnlyForDeploymentPostprocessing = 0;
		};
/* End PBXResourcesBuildPhase section */

/* Begin PBXSourcesBuildPhase section */
		83DEA91217F5C82F003CB1EB /* Sources */ = {
			isa = PBXSourcesBuildPhase;
			buildActionMask = 2147483647;
			files = (
				83DEA92817F5C82F003CB1EB /* main.m in Sources */,
				83DEA92C17F5C82F003CB1EB /* AppDelegate.m in Sources */,
				83DEA93817F5C82F003CB1EB /* Employee.xcdatamodeld in Sources */,
				83DEA93B17F5C82F003CB1EB /* MasterViewController.m in Sources */,
				83DEA93E17F5C82F003CB1EB /* DetailViewController.m in Sources */,
				83DEA95317F5D01C003CB1EB /* Project.m in Sources */,
				83DEA95617F5D01C003CB1EB /* Department.m in Sources */,
				83DEA95917F5D074003CB1EB /* Employee.m in Sources */,
				839AEB0F17FB0E58007436DD /* EditEmployeeViewController.m in Sources */,
				839AEB1217FB0EDA007436DD /* EmployeesViewController.m in Sources */,
			);
			runOnlyForDeploymentPostprocessing = 0;
		};
/* End PBXSourcesBuildPhase section */

/* Begin PBXVariantGroup section */
		83DEA92417F5C82F003CB1EB /* InfoPlist.strings */ = {
			isa = PBXVariantGroup;
			children = (
				83DEA92517F5C82F003CB1EB /* en */,
			);
			name = InfoPlist.strings;
			sourceTree = "<group>";
		};
		83DEA93317F5C82F003CB1EB /* MainStoryboard.storyboard */ = {
			isa = PBXVariantGroup;
			children = (
				83DEA93417F5C82F003CB1EB /* en */,
			);
			name = MainStoryboard.storyboard;
			sourceTree = "<group>";
		};
/* End PBXVariantGroup section */

/* Begin XCBuildConfiguration section */
		83DEA93F17F5C82F003CB1EB /* Debug */ = {
			isa = XCBuildConfiguration;
			buildSettings = {
				ALWAYS_SEARCH_USER_PATHS = NO;
				CLANG_CXX_LANGUAGE_STANDARD = "gnu++0x";
				CLANG_CXX_LIBRARY = "libc++";
				CLANG_ENABLE_OBJC_ARC = YES;
				CLANG_WARN_CONSTANT_CONVERSION = YES;
				CLANG_WARN_EMPTY_BODY = YES;
				CLANG_WARN_ENUM_CONVERSION = YES;
				CLANG_WARN_INT_CONVERSION = YES;
				CLANG_WARN__DUPLICATE_METHOD_MATCH = YES;
				"CODE_SIGN_IDENTITY[sdk=iphoneos*]" = "iPhone Developer";
				COPY_PHASE_STRIP = NO;
				GCC_C_LANGUAGE_STANDARD = gnu99;
				GCC_DYNAMIC_NO_PIC = NO;
				GCC_OPTIMIZATION_LEVEL = 0;
				GCC_PREPROCESSOR_DEFINITIONS = (
					"DEBUG=1",
					"$(inherited)",
				);
				GCC_SYMBOLS_PRIVATE_EXTERN = NO;
				GCC_WARN_ABOUT_RETURN_TYPE = YES;
				GCC_WARN_UNINITIALIZED_AUTOS = YES;
				GCC_WARN_UNUSED_VARIABLE = YES;
				IPHONEOS_DEPLOYMENT_TARGET = 6.1;
				ONLY_ACTIVE_ARCH = YES;
				SDKROOT = iphoneos;
			};
			name = Debug;
		};
		83DEA94017F5C82F003CB1EB /* Release */ = {
			isa = XCBuildConfiguration;
			buildSettings = {
				ALWAYS_SEARCH_USER_PATHS = NO;
				CLANG_CXX_LANGUAGE_STANDARD = "gnu++0x";
				CLANG_CXX_LIBRARY = "libc++";
				CLANG_ENABLE_OBJC_ARC = YES;
				CLANG_WARN_CONSTANT_CONVERSION = YES;
				CLANG_WARN_EMPTY_BODY = YES;
				CLANG_WARN_ENUM_CONVERSION = YES;
				CLANG_WARN_INT_CONVERSION = YES;
				CLANG_WARN__DUPLICATE_METHOD_MATCH = YES;
				"CODE_SIGN_IDENTITY[sdk=iphoneos*]" = "iPhone Developer";
				COPY_PHASE_STRIP = YES;
				GCC_C_LANGUAGE_STANDARD = gnu99;
				GCC_WARN_ABOUT_RETURN_TYPE = YES;
				GCC_WARN_UNINITIALIZED_AUTOS = YES;
				GCC_WARN_UNUSED_VARIABLE = YES;
				IPHONEOS_DEPLOYMENT_TARGET = 6.1;
				OTHER_CFLAGS = "-DNS_BLOCK_ASSERTIONS=1";
				SDKROOT = iphoneos;
				VALIDATE_PRODUCT = YES;
			};
			name = Release;
		};
		83DEA94217F5C82F003CB1EB /* Debug */ = {
			isa = XCBuildConfiguration;
			buildSettings = {
				GCC_PRECOMPILE_PREFIX_HEADER = YES;
				GCC_PREFIX_HEADER = "Employee/Employee-Prefix.pch";
				INFOPLIST_FILE = "Employee/Employee-Info.plist";
				PRODUCT_NAME = "$(TARGET_NAME)";
				WRAPPER_EXTENSION = app;
			};
			name = Debug;
		};
		83DEA94317F5C82F003CB1EB /* Release */ = {
			isa = XCBuildConfiguration;
			buildSettings = {
				GCC_PRECOMPILE_PREFIX_HEADER = YES;
				GCC_PREFIX_HEADER = "Employee/Employee-Prefix.pch";
				INFOPLIST_FILE = "Employee/Employee-Info.plist";
				PRODUCT_NAME = "$(TARGET_NAME)";
				WRAPPER_EXTENSION = app;
			};
			name = Release;
		};
/* End XCBuildConfiguration section */

/* Begin XCConfigurationList section */
		83DEA91117F5C82E003CB1EB /* Build configuration list for PBXProject "Employee" */ = {
			isa = XCConfigurationList;
			buildConfigurations = (
				83DEA93F17F5C82F003CB1EB /* Debug */,
				83DEA94017F5C82F003CB1EB /* Release */,
			);
			defaultConfigurationIsVisible = 0;
			defaultConfigurationName = Release;
		};
		83DEA94117F5C82F003CB1EB /* Build configuration list for PBXNativeTarget "Employee" */ = {
			isa = XCConfigurationList;
			buildConfigurations = (
				83DEA94217F5C82F003CB1EB /* Debug */,
				83DEA94317F5C82F003CB1EB /* Release */,
			);
			defaultConfigurationIsVisible = 0;
			defaultConfigurationName = Release;
		};
/* End XCConfigurationList section */

/* Begin XCVersionGroup section */
		83DEA93617F5C82F003CB1EB /* Employee.xcdatamodeld */ = {
			isa = XCVersionGroup;
			children = (
				83DEA93717F5C82F003CB1EB /* Employee.xcdatamodel */,
			);
			currentVersion = 83DEA93717F5C82F003CB1EB /* Employee.xcdatamodel */;
			path = Employee.xcdatamodeld;
			sourceTree = "<group>";
			versionGroupType = wrapper.xcdatamodel;
		};
/* End XCVersionGroup section */
	};
	rootObject = 83DEA90E17F5C82E003CB1EB /* Project object */;
}
