// !$*UTF8*$!
{
	archiveVersion = 1;
	classes = {
	};
	objectVersion = 46;
	objects = {

/* Begin PBXBuildFile section */
		830387BD17FB0DC0001E9BF5 /* ECEditEmployeeViewController.m in Sources */ = {isa = PBXBuildFile; fileRef = 830387BC17FB0DC0001E9BF5 /* ECEditEmployeeViewController.m */; };
		830387C017FB0F54001E9BF5 /* ECEmployeesViewController.m in Sources */ = {isa = PBXBuildFile; fileRef = 830387BF17FB0F54001E9BF5 /* ECEmployeesViewController.m */; };
		830670E917FF07FE00D74AAA /* ECDepartmetsViewController.m in Sources */ = {isa = PBXBuildFile; fileRef = 830670E817FF07FE00D74AAA /* ECDepartmetsViewController.m */; };
		8308D8B717F5C6F10016E854 /* UIKit.framework in Frameworks */ = {isa = PBXBuildFile; fileRef = 8308D8B617F5C6F10016E854 /* UIKit.framework */; };
		8308D8B917F5C6F10016E854 /* Foundation.framework in Frameworks */ = {isa = PBXBuildFile; fileRef = 8308D8B817F5C6F10016E854 /* Foundation.framework */; };
		8308D8BB17F5C6F10016E854 /* CoreGraphics.framework in Frameworks */ = {isa = PBXBuildFile; fileRef = 8308D8BA17F5C6F10016E854 /* CoreGraphics.framework */; };
		8308D8BD17F5C6F10016E854 /* CoreData.framework in Frameworks */ = {isa = PBXBuildFile; fileRef = 8308D8BC17F5C6F10016E854 /* CoreData.framework */; };
		8308D8C317F5C6F10016E854 /* InfoPlist.strings in Resources */ = {isa = PBXBuildFile; fileRef = 8308D8C117F5C6F10016E854 /* InfoPlist.strings */; };
		8308D8C517F5C6F10016E854 /* main.m in Sources */ = {isa = PBXBuildFile; fileRef = 8308D8C417F5C6F10016E854 /* main.m */; };
		8308D8C917F5C6F10016E854 /* ECAppDelegate.m in Sources */ = {isa = PBXBuildFile; fileRef = 8308D8C817F5C6F10016E854 /* ECAppDelegate.m */; };
		8308D8CB17F5C6F10016E854 /* Default.png in Resources */ = {isa = PBXBuildFile; fileRef = 8308D8CA17F5C6F10016E854 /* Default.png */; };
		8308D8CD17F5C6F10016E854 /* Default@2x.png in Resources */ = {isa = PBXBuildFile; fileRef = 8308D8CC17F5C6F10016E854 /* Default@2x.png */; };
		8308D8CF17F5C6F10016E854 /* Default-568h@2x.png in Resources */ = {isa = PBXBuildFile; fileRef = 8308D8CE17F5C6F10016E854 /* Default-568h@2x.png */; };
		8308D8D217F5C6F10016E854 /* EmployeeCatalog.xcdatamodeld in Sources */ = {isa = PBXBuildFile; fileRef = 8308D8D017F5C6F10016E854 /* EmployeeCatalog.xcdatamodeld */; };
		8308D8D917F5C72E0016E854 /* MainStoryboard.storyboard in Resources */ = {isa = PBXBuildFile; fileRef = 8308D8D817F5C72E0016E854 /* MainStoryboard.storyboard */; };
		8308D8DC17F5D0840016E854 /* Project.m in Sources */ = {isa = PBXBuildFile; fileRef = 8308D8DB17F5D0840016E854 /* Project.m */; };
		8308D8E217F5D0850016E854 /* Department.m in Sources */ = {isa = PBXBuildFile; fileRef = 8308D8E117F5D0850016E854 /* Department.m */; };
		8308D8E517F5D0D90016E854 /* Employee.m in Sources */ = {isa = PBXBuildFile; fileRef = 8308D8E417F5D0D90016E854 /* Employee.m */; };
		BE85FC6018130D1F00515FF1 /* ECEditProjectViewController.m in Sources */ = {isa = PBXBuildFile; fileRef = BE85FC5F18130D1F00515FF1 /* ECEditProjectViewController.m */; };
		BE85FC631813155400515FF1 /* ECProjectsViewController.m in Sources */ = {isa = PBXBuildFile; fileRef = BE85FC621813155400515FF1 /* ECProjectsViewController.m */; };
		BE85FC6A1813351000515FF1 /* ECEmployeeProjects.m in Sources */ = {isa = PBXBuildFile; fileRef = BE85FC691813351000515FF1 /* ECEmployeeProjects.m */; };
/* End PBXBuildFile section */

/* Begin PBXFileReference section */
		830387BB17FB0DC0001E9BF5 /* ECEditEmployeeViewController.h */ = {isa = PBXFileReference; fileEncoding = 4; lastKnownFileType = sourcecode.c.h; path = ECEditEmployeeViewController.h; sourceTree = "<group>"; };
		830387BC17FB0DC0001E9BF5 /* ECEditEmployeeViewController.m */ = {isa = PBXFileReference; fileEncoding = 4; lastKnownFileType = sourcecode.c.objc; path = ECEditEmployeeViewController.m; sourceTree = "<group>"; };
		830387BE17FB0F54001E9BF5 /* ECEmployeesViewController.h */ = {isa = PBXFileReference; fileEncoding = 4; lastKnownFileType = sourcecode.c.h; path = ECEmployeesViewController.h; sourceTree = "<group>"; };
		830387BF17FB0F54001E9BF5 /* ECEmployeesViewController.m */ = {isa = PBXFileReference; fileEncoding = 4; lastKnownFileType = sourcecode.c.objc; path = ECEmployeesViewController.m; sourceTree = "<group>"; };
		830670E717FF07FE00D74AAA /* ECDepartmetsViewController.h */ = {isa = PBXFileReference; fileEncoding = 4; lastKnownFileType = sourcecode.c.h; path = ECDepartmetsViewController.h; sourceTree = "<group>"; };
		830670E817FF07FE00D74AAA /* ECDepartmetsViewController.m */ = {isa = PBXFileReference; fileEncoding = 4; lastKnownFileType = sourcecode.c.objc; path = ECDepartmetsViewController.m; sourceTree = "<group>"; };
		8308D8B317F5C6F10016E854 /* EmployeeCatalog.app */ = {isa = PBXFileReference; explicitFileType = wrapper.application; includeInIndex = 0; path = EmployeeCatalog.app; sourceTree = BUILT_PRODUCTS_DIR; };
		8308D8B617F5C6F10016E854 /* UIKit.framework */ = {isa = PBXFileReference; lastKnownFileType = wrapper.framework; name = UIKit.framework; path = System/Library/Frameworks/UIKit.framework; sourceTree = SDKROOT; };
		8308D8B817F5C6F10016E854 /* Foundation.framework */ = {isa = PBXFileReference; lastKnownFileType = wrapper.framework; name = Foundation.framework; path = System/Library/Frameworks/Foundation.framework; sourceTree = SDKROOT; };
		8308D8BA17F5C6F10016E854 /* CoreGraphics.framework */ = {isa = PBXFileReference; lastKnownFileType = wrapper.framework; name = CoreGraphics.framework; path = System/Library/Frameworks/CoreGraphics.framework; sourceTree = SDKROOT; };
		8308D8BC17F5C6F10016E854 /* CoreData.framework */ = {isa = PBXFileReference; lastKnownFileType = wrapper.framework; name = CoreData.framework; path = System/Library/Frameworks/CoreData.framework; sourceTree = SDKROOT; };
		8308D8C017F5C6F10016E854 /* EmployeeCatalog-Info.plist */ = {isa = PBXFileReference; lastKnownFileType = text.plist.xml; path = "EmployeeCatalog-Info.plist"; sourceTree = "<group>"; };
		8308D8C217F5C6F10016E854 /* en */ = {isa = PBXFileReference; lastKnownFileType = text.plist.strings; name = en; path = en.lproj/InfoPlist.strings; sourceTree = "<group>"; };
		8308D8C417F5C6F10016E854 /* main.m */ = {isa = PBXFileReference; lastKnownFileType = sourcecode.c.objc; path = main.m; sourceTree = "<group>"; };
		8308D8C617F5C6F10016E854 /* EmployeeCatalog-Prefix.pch */ = {isa = PBXFileReference; lastKnownFileType = sourcecode.c.h; path = "EmployeeCatalog-Prefix.pch"; sourceTree = "<group>"; };
		8308D8C717F5C6F10016E854 /* ECAppDelegate.h */ = {isa = PBXFileReference; lastKnownFileType = sourcecode.c.h; path = ECAppDelegate.h; sourceTree = "<group>"; };
		8308D8C817F5C6F10016E854 /* ECAppDelegate.m */ = {isa = PBXFileReference; lastKnownFileType = sourcecode.c.objc; path = ECAppDelegate.m; sourceTree = "<group>"; };
		8308D8CA17F5C6F10016E854 /* Default.png */ = {isa = PBXFileReference; lastKnownFileType = image.png; path = Default.png; sourceTree = "<group>"; };
		8308D8CC17F5C6F10016E854 /* Default@2x.png */ = {isa = PBXFileReference; lastKnownFileType = image.png; path = "Default@2x.png"; sourceTree = "<group>"; };
		8308D8CE17F5C6F10016E854 /* Default-568h@2x.png */ = {isa = PBXFileReference; lastKnownFileType = image.png; path = "Default-568h@2x.png"; sourceTree = "<group>"; };
		8308D8D117F5C6F10016E854 /* EmployeeCatalog.xcdatamodel */ = {isa = PBXFileReference; lastKnownFileType = wrapper.xcdatamodel; path = EmployeeCatalog.xcdatamodel; sourceTree = "<group>"; };
		8308D8D817F5C72E0016E854 /* MainStoryboard.storyboard */ = {isa = PBXFileReference; fileEncoding = 4; lastKnownFileType = file.storyboard; name = MainStoryboard.storyboard; path = ../MainStoryboard.storyboard; sourceTree = "<group>"; };
		8308D8DA17F5D0840016E854 /* Project.h */ = {isa = PBXFileReference; fileEncoding = 4; lastKnownFileType = sourcecode.c.h; path = Project.h; sourceTree = "<group>"; };
		8308D8DB17F5D0840016E854 /* Project.m */ = {isa = PBXFileReference; fileEncoding = 4; lastKnownFileType = sourcecode.c.objc; path = Project.m; sourceTree = "<group>"; };
		8308D8E017F5D0850016E854 /* Department.h */ = {isa = PBXFileReference; fileEncoding = 4; lastKnownFileType = sourcecode.c.h; path = Department.h; sourceTree = "<group>"; };
		8308D8E117F5D0850016E854 /* Department.m */ = {isa = PBXFileReference; fileEncoding = 4; lastKnownFileType = sourcecode.c.objc; path = Department.m; sourceTree = "<group>"; };
		8308D8E317F5D0D90016E854 /* Employee.h */ = {isa = PBXFileReference; fileEncoding = 4; lastKnownFileType = sourcecode.c.h; path = Employee.h; sourceTree = "<group>"; };
		8308D8E417F5D0D90016E854 /* Employee.m */ = {isa = PBXFileReference; fileEncoding = 4; lastKnownFileType = sourcecode.c.objc; path = Employee.m; sourceTree = "<group>"; };
		BE85FC5E18130D1F00515FF1 /* ECEditProjectViewController.h */ = {isa = PBXFileReference; fileEncoding = 4; lastKnownFileType = sourcecode.c.h; path = ECEditProjectViewController.h; sourceTree = "<group>"; };
		BE85FC5F18130D1F00515FF1 /* ECEditProjectViewController.m */ = {isa = PBXFileReference; fileEncoding = 4; lastKnownFileType = sourcecode.c.objc; path = ECEditProjectViewController.m; sourceTree = "<group>"; };
		BE85FC611813155400515FF1 /* ECProjectsViewController.h */ = {isa = PBXFileReference; fileEncoding = 4; lastKnownFileType = sourcecode.c.h; path = ECProjectsViewController.h; sourceTree = "<group>"; };
		BE85FC621813155400515FF1 /* ECProjectsViewController.m */ = {isa = PBXFileReference; fileEncoding = 4; lastKnownFileType = sourcecode.c.objc; path = ECProjectsViewController.m; sourceTree = "<group>"; };
		BE85FC681813351000515FF1 /* ECEmployeeProjects.h */ = {isa = PBXFileReference; fileEncoding = 4; lastKnownFileType = sourcecode.c.h; path = ECEmployeeProjects.h; sourceTree = "<group>"; };
		BE85FC691813351000515FF1 /* ECEmployeeProjects.m */ = {isa = PBXFileReference; fileEncoding = 4; lastKnownFileType = sourcecode.c.objc; path = ECEmployeeProjects.m; sourceTree = "<group>"; };
/* End PBXFileReference section */

/* Begin PBXFrameworksBuildPhase section */
		8308D8B017F5C6F10016E854 /* Frameworks */ = {
			isa = PBXFrameworksBuildPhase;
			buildActionMask = 2147483647;
			files = (
				8308D8B717F5C6F10016E854 /* UIKit.framework in Frameworks */,
				8308D8B917F5C6F10016E854 /* Foundation.framework in Frameworks */,
				8308D8BB17F5C6F10016E854 /* CoreGraphics.framework in Frameworks */,
				8308D8BD17F5C6F10016E854 /* CoreData.framework in Frameworks */,
			);
			runOnlyForDeploymentPostprocessing = 0;
		};
/* End PBXFrameworksBuildPhase section */

/* Begin PBXGroup section */
		8308D8AA17F5C6F10016E854 = {
			isa = PBXGroup;
			children = (
				8308D8BE17F5C6F10016E854 /* EmployeeCatalog */,
				8308D8B517F5C6F10016E854 /* Frameworks */,
				8308D8B417F5C6F10016E854 /* Products */,
			);
			sourceTree = "<group>";
		};
		8308D8B417F5C6F10016E854 /* Products */ = {
			isa = PBXGroup;
			children = (
				8308D8B317F5C6F10016E854 /* EmployeeCatalog.app */,
			);
			name = Products;
			sourceTree = "<group>";
		};
		8308D8B517F5C6F10016E854 /* Frameworks */ = {
			isa = PBXGroup;
			children = (
				8308D8B617F5C6F10016E854 /* UIKit.framework */,
				8308D8B817F5C6F10016E854 /* Foundation.framework */,
				8308D8BA17F5C6F10016E854 /* CoreGraphics.framework */,
				8308D8BC17F5C6F10016E854 /* CoreData.framework */,
			);
			name = Frameworks;
			sourceTree = "<group>";
		};
		8308D8BE17F5C6F10016E854 /* EmployeeCatalog */ = {
			isa = PBXGroup;
			children = (
				BE85FC5D18130A5500515FF1 /* CoreData */,
				8308D8D817F5C72E0016E854 /* MainStoryboard.storyboard */,
				8308D8C717F5C6F10016E854 /* ECAppDelegate.h */,
				8308D8C817F5C6F10016E854 /* ECAppDelegate.m */,
				8308D8BF17F5C6F10016E854 /* Supporting Files */,
				BE85FC641813300E00515FF1 /* EditViewControllers */,
				830387BE17FB0F54001E9BF5 /* ECEmployeesViewController.h */,
				830387BF17FB0F54001E9BF5 /* ECEmployeesViewController.m */,
				BE85FC611813155400515FF1 /* ECProjectsViewController.h */,
				BE85FC621813155400515FF1 /* ECProjectsViewController.m */,
				830670E717FF07FE00D74AAA /* ECDepartmetsViewController.h */,
				830670E817FF07FE00D74AAA /* ECDepartmetsViewController.m */,
				BE85FC681813351000515FF1 /* ECEmployeeProjects.h */,
				BE85FC691813351000515FF1 /* ECEmployeeProjects.m */,
			);
			path = EmployeeCatalog;
			sourceTree = "<group>";
		};
		8308D8BF17F5C6F10016E854 /* Supporting Files */ = {
			isa = PBXGroup;
			children = (
				8308D8C017F5C6F10016E854 /* EmployeeCatalog-Info.plist */,
				8308D8C117F5C6F10016E854 /* InfoPlist.strings */,
				8308D8C417F5C6F10016E854 /* main.m */,
				8308D8C617F5C6F10016E854 /* EmployeeCatalog-Prefix.pch */,
				8308D8CA17F5C6F10016E854 /* Default.png */,
				8308D8CC17F5C6F10016E854 /* Default@2x.png */,
				8308D8CE17F5C6F10016E854 /* Default-568h@2x.png */,
			);
			name = "Supporting Files";
			sourceTree = "<group>";
		};
		BE85FC5D18130A5500515FF1 /* CoreData */ = {
			isa = PBXGroup;
			children = (
				8308D8D017F5C6F10016E854 /* EmployeeCatalog.xcdatamodeld */,
				8308D8E017F5D0850016E854 /* Department.h */,
				8308D8E117F5D0850016E854 /* Department.m */,
				8308D8DA17F5D0840016E854 /* Project.h */,
				8308D8DB17F5D0840016E854 /* Project.m */,
				8308D8E317F5D0D90016E854 /* Employee.h */,
				8308D8E417F5D0D90016E854 /* Employee.m */,
			);
			name = CoreData;
			sourceTree = "<group>";
		};
		BE85FC641813300E00515FF1 /* EditViewControllers */ = {
			isa = PBXGroup;
			children = (
				BE85FC5E18130D1F00515FF1 /* ECEditProjectViewController.h */,
				BE85FC5F18130D1F00515FF1 /* ECEditProjectViewController.m */,
				830387BB17FB0DC0001E9BF5 /* ECEditEmployeeViewController.h */,
				830387BC17FB0DC0001E9BF5 /* ECEditEmployeeViewController.m */,
			);
			name = EditViewControllers;
			sourceTree = "<group>";
		};
/* End PBXGroup section */

/* Begin PBXNativeTarget section */
		8308D8B217F5C6F10016E854 /* EmployeeCatalog */ = {
			isa = PBXNativeTarget;
			buildConfigurationList = 8308D8D517F5C6F10016E854 /* Build configuration list for PBXNativeTarget "EmployeeCatalog" */;
			buildPhases = (
				8308D8AF17F5C6F10016E854 /* Sources */,
				8308D8B017F5C6F10016E854 /* Frameworks */,
				8308D8B117F5C6F10016E854 /* Resources */,
			);
			buildRules = (
			);
			dependencies = (
			);
			name = EmployeeCatalog;
			productName = EmployeeCatalog;
			productReference = 8308D8B317F5C6F10016E854 /* EmployeeCatalog.app */;
			productType = "com.apple.product-type.application";
		};
/* End PBXNativeTarget section */

/* Begin PBXProject section */
		8308D8AB17F5C6F10016E854 /* Project object */ = {
			isa = PBXProject;
			attributes = {
				CLASSPREFIX = EC;
				LastUpgradeCheck = 0460;
				ORGANIZATIONNAME = Administrador;
			};
			buildConfigurationList = 8308D8AE17F5C6F10016E854 /* Build configuration list for PBXProject "EmployeeCatalog" */;
			compatibilityVersion = "Xcode 3.2";
			developmentRegion = English;
			hasScannedForEncodings = 0;
			knownRegions = (
				en,
			);
			mainGroup = 8308D8AA17F5C6F10016E854;
			productRefGroup = 8308D8B417F5C6F10016E854 /* Products */;
			projectDirPath = "";
			projectRoot = "";
			targets = (
				8308D8B217F5C6F10016E854 /* EmployeeCatalog */,
			);
		};
/* End PBXProject section */

/* Begin PBXResourcesBuildPhase section */
		8308D8B117F5C6F10016E854 /* Resources */ = {
			isa = PBXResourcesBuildPhase;
			buildActionMask = 2147483647;
			files = (
				8308D8C317F5C6F10016E854 /* InfoPlist.strings in Resources */,
				8308D8CB17F5C6F10016E854 /* Default.png in Resources */,
				8308D8CD17F5C6F10016E854 /* Default@2x.png in Resources */,
				8308D8CF17F5C6F10016E854 /* Default-568h@2x.png in Resources */,
				8308D8D917F5C72E0016E854 /* MainStoryboard.storyboard in Resources */,
			);
			runOnlyForDeploymentPostprocessing = 0;
		};
/* End PBXResourcesBuildPhase section */

/* Begin PBXSourcesBuildPhase section */
		8308D8AF17F5C6F10016E854 /* Sources */ = {
			isa = PBXSourcesBuildPhase;
			buildActionMask = 2147483647;
			files = (
				8308D8C517F5C6F10016E854 /* main.m in Sources */,
				8308D8C917F5C6F10016E854 /* ECAppDelegate.m in Sources */,
				8308D8D217F5C6F10016E854 /* EmployeeCatalog.xcdatamodeld in Sources */,
				8308D8DC17F5D0840016E854 /* Project.m in Sources */,
				8308D8E217F5D0850016E854 /* Department.m in Sources */,
				8308D8E517F5D0D90016E854 /* Employee.m in Sources */,
				830387BD17FB0DC0001E9BF5 /* ECEditEmployeeViewController.m in Sources */,
				830387C017FB0F54001E9BF5 /* ECEmployeesViewController.m in Sources */,
				830670E917FF07FE00D74AAA /* ECDepartmetsViewController.m in Sources */,
				BE85FC6018130D1F00515FF1 /* ECEditProjectViewController.m in Sources */,
				BE85FC631813155400515FF1 /* ECProjectsViewController.m in Sources */,
				BE85FC6A1813351000515FF1 /* ECEmployeeProjects.m in Sources */,
			);
			runOnlyForDeploymentPostprocessing = 0;
		};
/* End PBXSourcesBuildPhase section */

/* Begin PBXVariantGroup section */
		8308D8C117F5C6F10016E854 /* InfoPlist.strings */ = {
			isa = PBXVariantGroup;
			children = (
				8308D8C217F5C6F10016E854 /* en */,
			);
			name = InfoPlist.strings;
			sourceTree = "<group>";
		};
/* End PBXVariantGroup section */

/* Begin XCBuildConfiguration section */
		8308D8D317F5C6F10016E854 /* Debug */ = {
			isa = XCBuildConfiguration;
			buildSettings = {
				ALWAYS_SEARCH_USER_PATHS = NO;
				CLANG_CXX_LANGUAGE_STANDARD = "gnu++0x";
				CLANG_CXX_LIBRARY = "libc++";
				CLANG_ENABLE_OBJC_ARC = YES;
				CLANG_WARN_CONSTANT_CONVERSION = YES;
				CLANG_WARN_EMPTY_BODY = YES;
				CLANG_WARN_ENUM_CONVERSION = YES;
				CLANG_WARN_INT_CONVERSION = YES;
				CLANG_WARN__DUPLICATE_METHOD_MATCH = YES;
				"CODE_SIGN_IDENTITY[sdk=iphoneos*]" = "iPhone Developer";
				COPY_PHASE_STRIP = NO;
				GCC_C_LANGUAGE_STANDARD = gnu99;
				GCC_DYNAMIC_NO_PIC = NO;
				GCC_OPTIMIZATION_LEVEL = 0;
				GCC_PREPROCESSOR_DEFINITIONS = (
					"DEBUG=1",
					"$(inherited)",
				);
				GCC_SYMBOLS_PRIVATE_EXTERN = NO;
				GCC_WARN_ABOUT_RETURN_TYPE = YES;
				GCC_WARN_UNINITIALIZED_AUTOS = YES;
				GCC_WARN_UNUSED_VARIABLE = YES;
				IPHONEOS_DEPLOYMENT_TARGET = 6.1;
				ONLY_ACTIVE_ARCH = YES;
				SDKROOT = iphoneos;
			};
			name = Debug;
		};
		8308D8D417F5C6F10016E854 /* Release */ = {
			isa = XCBuildConfiguration;
			buildSettings = {
				ALWAYS_SEARCH_USER_PATHS = NO;
				CLANG_CXX_LANGUAGE_STANDARD = "gnu++0x";
				CLANG_CXX_LIBRARY = "libc++";
				CLANG_ENABLE_OBJC_ARC = YES;
				CLANG_WARN_CONSTANT_CONVERSION = YES;
				CLANG_WARN_EMPTY_BODY = YES;
				CLANG_WARN_ENUM_CONVERSION = YES;
				CLANG_WARN_INT_CONVERSION = YES;
				CLANG_WARN__DUPLICATE_METHOD_MATCH = YES;
				"CODE_SIGN_IDENTITY[sdk=iphoneos*]" = "iPhone Developer";
				COPY_PHASE_STRIP = YES;
				GCC_C_LANGUAGE_STANDARD = gnu99;
				GCC_WARN_ABOUT_RETURN_TYPE = YES;
				GCC_WARN_UNINITIALIZED_AUTOS = YES;
				GCC_WARN_UNUSED_VARIABLE = YES;
				IPHONEOS_DEPLOYMENT_TARGET = 6.1;
				OTHER_CFLAGS = "-DNS_BLOCK_ASSERTIONS=1";
				SDKROOT = iphoneos;
				VALIDATE_PRODUCT = YES;
			};
			name = Release;
		};
		8308D8D617F5C6F10016E854 /* Debug */ = {
			isa = XCBuildConfiguration;
			buildSettings = {
				GCC_PRECOMPILE_PREFIX_HEADER = YES;
				GCC_PREFIX_HEADER = "EmployeeCatalog/EmployeeCatalog-Prefix.pch";
				INFOPLIST_FILE = "EmployeeCatalog/EmployeeCatalog-Info.plist";
				PRODUCT_NAME = "$(TARGET_NAME)";
				WRAPPER_EXTENSION = app;
			};
			name = Debug;
		};
		8308D8D717F5C6F10016E854 /* Release */ = {
			isa = XCBuildConfiguration;
			buildSettings = {
				GCC_PRECOMPILE_PREFIX_HEADER = YES;
				GCC_PREFIX_HEADER = "EmployeeCatalog/EmployeeCatalog-Prefix.pch";
				INFOPLIST_FILE = "EmployeeCatalog/EmployeeCatalog-Info.plist";
				PRODUCT_NAME = "$(TARGET_NAME)";
				WRAPPER_EXTENSION = app;
			};
			name = Release;
		};
/* End XCBuildConfiguration section */

/* Begin XCConfigurationList section */
		8308D8AE17F5C6F10016E854 /* Build configuration list for PBXProject "EmployeeCatalog" */ = {
			isa = XCConfigurationList;
			buildConfigurations = (
				8308D8D317F5C6F10016E854 /* Debug */,
				8308D8D417F5C6F10016E854 /* Release */,
			);
			defaultConfigurationIsVisible = 0;
			defaultConfigurationName = Release;
		};
		8308D8D517F5C6F10016E854 /* Build configuration list for PBXNativeTarget "EmployeeCatalog" */ = {
			isa = XCConfigurationList;
			buildConfigurations = (
				8308D8D617F5C6F10016E854 /* Debug */,
				8308D8D717F5C6F10016E854 /* Release */,
			);
			defaultConfigurationIsVisible = 0;
			defaultConfigurationName = Release;
		};
/* End XCConfigurationList section */

/* Begin XCVersionGroup section */
		8308D8D017F5C6F10016E854 /* EmployeeCatalog.xcdatamodeld */ = {
			isa = XCVersionGroup;
			children = (
				8308D8D117F5C6F10016E854 /* EmployeeCatalog.xcdatamodel */,
			);
			currentVersion = 8308D8D117F5C6F10016E854 /* EmployeeCatalog.xcdatamodel */;
			path = EmployeeCatalog.xcdatamodeld;
			sourceTree = "<group>";
			versionGroupType = wrapper.xcdatamodel;
		};
/* End XCVersionGroup section */
	};
	rootObject = 8308D8AB17F5C6F10016E854 /* Project object */;
}
